# @generated by Move, please check-in and do not edit manually.

[move]
version = 2
manifest_digest = "49A0B19080ED01A9BFE07E02EDB46D4F89CD47339D372D1554A805416249BD10"
deps_digest = "F9B494B64F0615AED0E98FC12A85B85ECD2BC5185C22D30E7F67786BB52E507C"
dependencies = [
  { name = "SageAdmin" },
  { name = "SageChannel" },
  { name = "SageImmutable" },
  { name = "Sui" },
]

[[move.package]]
name = "MoveStdlib"
source = { git = "https://github.com/MystenLabs/sui.git", rev = "framework/testnet", subdir = "crates/sui-framework/packages/move-stdlib" }

[[move.package]]
name = "SageAdmin"
source = { local = "../admin" }

dependencies = [
  { name = "Sui" },
]

[[move.package]]
name = "SageChannel"
source = { local = "../channel" }

dependencies = [
  { name = "SageAdmin" },
  { name = "SageImmutable" },
  { name = "Sui" },
]

[[move.package]]
name = "SageImmutable"
source = { local = "../immutable" }

dependencies = [
  { name = "Sui" },
]

[[move.package]]
name = "Sui"
source = { git = "https://github.com/MystenLabs/sui.git", rev = "framework/testnet", subdir = "crates/sui-framework/packages/sui-framework" }

dependencies = [
  { name = "MoveStdlib" },
]

[move.toolchain-version]
compiler-version = "1.27.2"
edition = "2024.beta"
flavor = "sui"

[env]

[env.testnet]
chain-id = "4c78adac"
original-published-id = "0x03fee588956f03e1e4f188266e7d2e2d1355001ffa5633ebff0b2e5080ce118b"
latest-published-id = "0x03fee588956f03e1e4f188266e7d2e2d1355001ffa5633ebff0b2e5080ce118b"
published-version = "1"
