# @generated by Move, please check-in and do not edit manually.

[move]
version = 2
manifest_digest = "67DD3997A49B5E3F468353D8224A858D9AB512F5D27ED7A242DB7BB2A8EB3288"
deps_digest = "397E6A9F7A624706DBDFEE056CE88391A15876868FD18A88504DA74EB458D697"
dependencies = [
  { name = "SageAdmin" },
  { name = "SageChannel" },
  { name = "SageImmutable" },
  { name = "SageUser" },
  { name = "Sui" },
]

[[move.package]]
name = "MoveStdlib"
source = { git = "https://github.com/MystenLabs/sui.git", rev = "framework/testnet", subdir = "crates/sui-framework/packages/move-stdlib" }

[[move.package]]
name = "SageAdmin"
source = { local = "../admin" }

dependencies = [
  { name = "Sui" },
]

[[move.package]]
name = "SageChannel"
source = { local = "../channel" }

dependencies = [
  { name = "SageAdmin" },
  { name = "SageImmutable" },
  { name = "SageUser" },
  { name = "SageUtils" },
  { name = "Sui" },
]

[[move.package]]
name = "SageImmutable"
source = { local = "../immutable" }

dependencies = [
  { name = "Sui" },
]

[[move.package]]
name = "SageUser"
source = { local = "../user" }

dependencies = [
  { name = "SageAdmin" },
  { name = "SageUtils" },
  { name = "Sui" },
]

[[move.package]]
name = "SageUtils"
source = { local = "../utils" }

dependencies = [
  { name = "Sui" },
]

[[move.package]]
name = "Sui"
source = { git = "https://github.com/MystenLabs/sui.git", rev = "framework/testnet", subdir = "crates/sui-framework/packages/sui-framework" }

dependencies = [
  { name = "MoveStdlib" },
]

[move.toolchain-version]
compiler-version = "1.30.3"
edition = "2024.beta"
flavor = "sui"

[env]

[env.testnet]
chain-id = "4c78adac"
original-published-id = "0x543ce1ab9d7540580cd115a162206861995e261030d8a8377f601d9862a73e29"
latest-published-id = "0x543ce1ab9d7540580cd115a162206861995e261030d8a8377f601d9862a73e29"
published-version = "1"
