# @generated by Move, please check-in and do not edit manually.

[move]
version = 3
manifest_digest = "F9FD541DFC2EAA4857D8A27EAEC1FBAB8E38B2CDF35C5B1E51F0037634EBFBAE"
deps_digest = "060AD7E57DFB13104F21BE5F5C3759D03F0553FC3229247D9A7A6B45F50D03A3"
dependencies = [
  { id = "SageAdmin", name = "SageAdmin" },
  { id = "SageShared", name = "SageShared" },
  { id = "Sui", name = "Sui" },
]

[[move.package]]
id = "MoveStdlib"
source = { git = "https://github.com/MystenLabs/sui.git", rev = "framework/testnet", subdir = "crates/sui-framework/packages/move-stdlib" }

[[move.package]]
id = "SageAdmin"
source = { local = "../admin" }

dependencies = [
  { id = "SageUtils", name = "SageUtils" },
  { id = "Sui", name = "Sui" },
]

[[move.package]]
id = "SageShared"
source = { local = "../shared" }

dependencies = [
  { id = "SageAdmin", name = "SageAdmin" },
  { id = "Sui", name = "Sui" },
]

[[move.package]]
id = "SageUtils"
source = { local = "../utils" }

dependencies = [
  { id = "Sui", name = "Sui" },
]

[[move.package]]
id = "Sui"
source = { git = "https://github.com/MystenLabs/sui.git", rev = "framework/testnet", subdir = "crates/sui-framework/packages/sui-framework" }

dependencies = [
  { id = "MoveStdlib", name = "MoveStdlib" },
]

[move.toolchain-version]
compiler-version = "1.44.2"
edition = "2024.beta"
flavor = "sui"

[env]

[env.testnet]
chain-id = "4c78adac"
original-published-id = "0x3a4f7c9f7027c17efbe4b8d01b21ed9baa5337b1b17ff74a91f379f7da695a55"
latest-published-id = "0x3a4f7c9f7027c17efbe4b8d01b21ed9baa5337b1b17ff74a91f379f7da695a55"
published-version = "1"
