# @generated by Move, please check-in and do not edit manually.

[move]
version = 2
manifest_digest = "CEF3D4371C7BE8DE02E84082DA2C7176C6B4F973243A383A83CCD407A92301DE"
deps_digest = "060AD7E57DFB13104F21BE5F5C3759D03F0553FC3229247D9A7A6B45F50D03A3"
dependencies = [
  { name = "SageAdmin" },
  { name = "SageUtils" },
  { name = "Sui" },
]

[[move.package]]
name = "MoveStdlib"
source = { git = "https://github.com/MystenLabs/sui.git", rev = "framework/testnet", subdir = "crates/sui-framework/packages/move-stdlib" }

[[move.package]]
name = "SageAdmin"
source = { local = "../admin" }

dependencies = [
  { name = "Sui" },
]

[[move.package]]
name = "SageUtils"
source = { local = "../utils" }

dependencies = [
  { name = "Sui" },
]

[[move.package]]
name = "Sui"
source = { git = "https://github.com/MystenLabs/sui.git", rev = "framework/testnet", subdir = "crates/sui-framework/packages/sui-framework" }

dependencies = [
  { name = "MoveStdlib" },
]

[move.toolchain-version]
compiler-version = "1.30.3"
edition = "2024.beta"
flavor = "sui"

[env]

[env.testnet]
chain-id = "4c78adac"
original-published-id = "0xbe02a9910081c7e808713dd0850c8c2e04cdfa4a7991f86a250561d4d79b7ad8"
latest-published-id = "0xbe02a9910081c7e808713dd0850c8c2e04cdfa4a7991f86a250561d4d79b7ad8"
published-version = "1"
