# @generated by Move, please check-in and do not edit manually.

[move]
version = 2
manifest_digest = "6228EDB741670B37B844F9E3948F7B3D17F511BE8D7C038ABF8B6E8C1C9DC92C"
deps_digest = "060AD7E57DFB13104F21BE5F5C3759D03F0553FC3229247D9A7A6B45F50D03A3"
dependencies = [
  { name = "SageAdmin" },
  { name = "SageUtils" },
  { name = "Sui" },
]

[[move.package]]
name = "MoveStdlib"
source = { git = "https://github.com/MystenLabs/sui.git", rev = "framework/testnet", subdir = "crates/sui-framework/packages/move-stdlib" }

[[move.package]]
name = "SageAdmin"
source = { local = "../admin" }

dependencies = [
  { name = "Sui" },
]

[[move.package]]
name = "SageUtils"
source = { local = "../utils" }

dependencies = [
  { name = "Sui" },
]

[[move.package]]
name = "Sui"
source = { git = "https://github.com/MystenLabs/sui.git", rev = "framework/testnet", subdir = "crates/sui-framework/packages/sui-framework" }

dependencies = [
  { name = "MoveStdlib" },
]

[move.toolchain-version]
compiler-version = "1.27.2"
edition = "2024.beta"
flavor = "sui"

[env]

[env.testnet]
chain-id = "4c78adac"
original-published-id = "0xbfe48a13f435061289b89f4eb749f215b49a5c2709e616f2612b8eafc90cb734"
latest-published-id = "0xbfe48a13f435061289b89f4eb749f215b49a5c2709e616f2612b8eafc90cb734"
published-version = "1"
