# @generated by Move, please check-in and do not edit manually.

[move]
version = 2
manifest_digest = "9900B4D79CCAB920044EACEF2263662AB95355D38199D675374D4C933FA2B4E9"
deps_digest = "3C4103934B1E040BB6B23F1D610B4EF9F2F1166A50A104EADCF77467C004C600"
dependencies = [
  { name = "SageAdmin" },
  { name = "Sui" },
]

[[move.package]]
name = "MoveStdlib"
source = { git = "https://github.com/MystenLabs/sui.git", rev = "framework/testnet", subdir = "crates/sui-framework/packages/move-stdlib" }

[[move.package]]
name = "SageAdmin"
source = { local = "../admin" }

dependencies = [
  { name = "Sui" },
]

[[move.package]]
name = "Sui"
source = { git = "https://github.com/MystenLabs/sui.git", rev = "framework/testnet", subdir = "crates/sui-framework/packages/sui-framework" }

dependencies = [
  { name = "MoveStdlib" },
]

[move.toolchain-version]
compiler-version = "1.27.2"
edition = "2024.beta"
flavor = "sui"

[env]

[env.testnet]
chain-id = "4c78adac"
original-published-id = "0x4dc95b5c1f1c797e3bb96b7a71eeafbf9ea9d21ca07e3fd5fb1505848f83610c"
latest-published-id = "0x4dc95b5c1f1c797e3bb96b7a71eeafbf9ea9d21ca07e3fd5fb1505848f83610c"
published-version = "1"
