# @generated by Move, please check-in and do not edit manually.

[move]
version = 2
manifest_digest = "34F1F4A5123C997C9A199309EF1BB995D6D9731ECB8DA98EAE824FBCDFD0A3D9"
deps_digest = "CAFAD8A7CF51067FB4358215BECB86BD100DD64E57C2AC8A7AE7D74B688F5965"
dependencies = [
  { name = "SageAdmin" },
  { name = "SageChannel" },
  { name = "SageImmutable" },
  { name = "SageNotification" },
  { name = "SagePost" },
  { name = "SageUser" },
  { name = "Sui" },
]

[[move.package]]
name = "MoveStdlib"
source = { git = "https://github.com/MystenLabs/sui.git", rev = "framework/testnet", subdir = "crates/sui-framework/packages/move-stdlib" }

[[move.package]]
name = "SageAdmin"
source = { local = "../admin" }

dependencies = [
  { name = "Sui" },
]

[[move.package]]
name = "SageChannel"
source = { local = "../channel" }

dependencies = [
  { name = "SageAdmin" },
  { name = "SageImmutable" },
  { name = "SageUtils" },
  { name = "Sui" },
]

[[move.package]]
name = "SageImmutable"
source = { local = "../immutable" }

dependencies = [
  { name = "Sui" },
]

[[move.package]]
name = "SageNotification"
source = { local = "../notifications" }

dependencies = [
  { name = "SageAdmin" },
  { name = "SageImmutable" },
  { name = "Sui" },
]

[[move.package]]
name = "SagePost"
source = { local = "../post" }

dependencies = [
  { name = "SageAdmin" },
  { name = "SageChannel" },
  { name = "SageImmutable" },
  { name = "SageUser" },
  { name = "Sui" },
]

[[move.package]]
name = "SageUser"
source = { local = "../user" }

dependencies = [
  { name = "SageAdmin" },
  { name = "SageUtils" },
  { name = "Sui" },
]

[[move.package]]
name = "SageUtils"
source = { local = "../utils" }

dependencies = [
  { name = "Sui" },
]

[[move.package]]
name = "Sui"
source = { git = "https://github.com/MystenLabs/sui.git", rev = "framework/testnet", subdir = "crates/sui-framework/packages/sui-framework" }

dependencies = [
  { name = "MoveStdlib" },
]

[move.toolchain-version]
compiler-version = "1.27.2"
edition = "2024.beta"
flavor = "sui"

[env]

[env.testnet]
chain-id = "4c78adac"
original-published-id = "0xf75be7a4bef33c5c346466d0e56777c3b112aa81b81a00d32145e90fc9306610"
latest-published-id = "0xf75be7a4bef33c5c346466d0e56777c3b112aa81b81a00d32145e90fc9306610"
published-version = "1"
