# @generated by Move, please check-in and do not edit manually.

[move]
version = 2
manifest_digest = "D09B60EA12B8D22703E71E380A669709D85C0A34A24676479741995E3F72E74B"
deps_digest = "397E6A9F7A624706DBDFEE056CE88391A15876868FD18A88504DA74EB458D697"
dependencies = [
  { name = "SageAdmin" },
  { name = "SageChannel" },
  { name = "SageImmutable" },
  { name = "SagePost" },
  { name = "Sui" },
]

[[move.package]]
name = "MoveStdlib"
source = { git = "https://github.com/MystenLabs/sui.git", rev = "framework/testnet", subdir = "crates/sui-framework/packages/move-stdlib" }

[[move.package]]
name = "SageAdmin"
source = { local = "../admin" }

dependencies = [
  { name = "Sui" },
]

[[move.package]]
name = "SageChannel"
source = { local = "../channel" }

dependencies = [
  { name = "SageAdmin" },
  { name = "SageImmutable" },
  { name = "Sui" },
]

[[move.package]]
name = "SageImmutable"
source = { local = "../immutable" }

dependencies = [
  { name = "Sui" },
]

[[move.package]]
name = "SagePost"
source = { local = "../post" }

dependencies = [
  { name = "SageAdmin" },
  { name = "SageChannel" },
  { name = "SageImmutable" },
  { name = "Sui" },
]

[[move.package]]
name = "Sui"
source = { git = "https://github.com/MystenLabs/sui.git", rev = "framework/testnet", subdir = "crates/sui-framework/packages/sui-framework" }

dependencies = [
  { name = "MoveStdlib" },
]

[move.toolchain-version]
compiler-version = "1.27.2"
edition = "2024.beta"
flavor = "sui"

[env]

[env.testnet]
chain-id = "4c78adac"
original-published-id = "0x5640c741bcee4f7274ba7c67d8bafd798c08c41ccfe6659a035b7871e54fdfac"
latest-published-id = "0x5640c741bcee4f7274ba7c67d8bafd798c08c41ccfe6659a035b7871e54fdfac"
published-version = "1"
