# @generated by Move, please check-in and do not edit manually.

[move]
version = 2
manifest_digest = "6E40E7AFD06CF6BED95B55CA9CE1371E32C4016284983E86D0AB8A29F3FA319E"
deps_digest = "CAFAD8A7CF51067FB4358215BECB86BD100DD64E57C2AC8A7AE7D74B688F5965"
dependencies = [
  { name = "SageAdmin" },
  { name = "SageChannel" },
  { name = "SageImmutable" },
  { name = "SageNotification" },
  { name = "SagePost" },
  { name = "SageUser" },
  { name = "Sui" },
]

[[move.package]]
name = "MoveStdlib"
source = { git = "https://github.com/MystenLabs/sui.git", rev = "framework/testnet", subdir = "crates/sui-framework/packages/move-stdlib" }

[[move.package]]
name = "SageAdmin"
source = { local = "../admin" }

dependencies = [
  { name = "Sui" },
]

[[move.package]]
name = "SageChannel"
source = { local = "../channel" }

dependencies = [
  { name = "SageAdmin" },
  { name = "SageImmutable" },
  { name = "SageUser" },
  { name = "SageUtils" },
  { name = "Sui" },
]

[[move.package]]
name = "SageImmutable"
source = { local = "../immutable" }

dependencies = [
  { name = "Sui" },
]

[[move.package]]
name = "SageNotification"
source = { local = "../notifications" }

dependencies = [
  { name = "SageAdmin" },
  { name = "SageImmutable" },
  { name = "Sui" },
]

[[move.package]]
name = "SagePost"
source = { local = "../post" }

dependencies = [
  { name = "SageAdmin" },
  { name = "SageChannel" },
  { name = "SageImmutable" },
  { name = "SageUser" },
  { name = "Sui" },
]

[[move.package]]
name = "SageUser"
source = { local = "../user" }

dependencies = [
  { name = "SageAdmin" },
  { name = "SageUtils" },
  { name = "Sui" },
]

[[move.package]]
name = "SageUtils"
source = { local = "../utils" }

dependencies = [
  { name = "Sui" },
]

[[move.package]]
name = "Sui"
source = { git = "https://github.com/MystenLabs/sui.git", rev = "framework/testnet", subdir = "crates/sui-framework/packages/sui-framework" }

dependencies = [
  { name = "MoveStdlib" },
]

[move.toolchain-version]
compiler-version = "1.30.3"
edition = "2024.beta"
flavor = "sui"

[env]

[env.testnet]
chain-id = "4c78adac"
original-published-id = "0x94db9fc941179bff13e2284a333f785467198a7caf9e1d61b4cd49d43f8865e1"
latest-published-id = "0x94db9fc941179bff13e2284a333f785467198a7caf9e1d61b4cd49d43f8865e1"
published-version = "1"
