# @generated by Move, please check-in and do not edit manually.

[move]
version = 2
manifest_digest = "3D16B4BD6AFB05C664941EEEBFE23D103AF36EA0FF7C3BC0D037CB246798C90E"
deps_digest = "F8BBB0CCB2491CA29A3DF03D6F92277A4F3574266507ACD77214D37ECA3F3082"
dependencies = [
  { name = "Sui" },
]

[[move.package]]
name = "MoveStdlib"
source = { git = "https://github.com/MystenLabs/sui.git", rev = "framework/testnet", subdir = "crates/sui-framework/packages/move-stdlib" }

[[move.package]]
name = "Sui"
source = { git = "https://github.com/MystenLabs/sui.git", rev = "framework/testnet", subdir = "crates/sui-framework/packages/sui-framework" }

dependencies = [
  { name = "MoveStdlib" },
]

[move.toolchain-version]
compiler-version = "1.27.0"
edition = "2024.beta"
flavor = "sui"

[env]

[env.testnet]
chain-id = "4c78adac"
original-published-id = "0xb5f4a404bd8bc1d1ae6cf639698cb92685f55378651ee44bfb9fcca4ab223b6a"
latest-published-id = "0xb5f4a404bd8bc1d1ae6cf639698cb92685f55378651ee44bfb9fcca4ab223b6a"
published-version = "1"
