# @generated by Move, please check-in and do not edit manually.

[move]
version = 2
manifest_digest = "EF66CBB1EDA66C4584FC23FF90805C2A1844F0AA4D43FED6ED252F4345517CB0"
deps_digest = "F8BBB0CCB2491CA29A3DF03D6F92277A4F3574266507ACD77214D37ECA3F3082"
dependencies = [
  { name = "Sui" },
]

[[move.package]]
name = "MoveStdlib"
source = { git = "https://github.com/MystenLabs/sui.git", rev = "framework/testnet", subdir = "crates/sui-framework/packages/move-stdlib" }

[[move.package]]
name = "Sui"
source = { git = "https://github.com/MystenLabs/sui.git", rev = "framework/testnet", subdir = "crates/sui-framework/packages/sui-framework" }

dependencies = [
  { name = "MoveStdlib" },
]

[move.toolchain-version]
compiler-version = "1.27.0"
edition = "2024.beta"
flavor = "sui"

[env]

[env.testnet]
chain-id = "4c78adac"
original-published-id = "0xb3e984f195a5b1f4bd95660c6df44a043deb142f635facb411fee779e6538553"
latest-published-id = "0xb3e984f195a5b1f4bd95660c6df44a043deb142f635facb411fee779e6538553"
published-version = "1"
