# @generated by Move, please check-in and do not edit manually.

[move]
version = 3
manifest_digest = "BAF093D615EE7F61CBB4A9E68906B91CB8DBAA8FC1F64997063E72EE62ECB0A5"
deps_digest = "3C4103934B1E040BB6B23F1D610B4EF9F2F1166A50A104EADCF77467C004C600"
dependencies = [
  { id = "SageUtils", name = "SageUtils" },
  { id = "Sui", name = "Sui" },
]

[[move.package]]
id = "MoveStdlib"
source = { git = "https://github.com/MystenLabs/sui.git", rev = "framework/testnet", subdir = "crates/sui-framework/packages/move-stdlib" }

[[move.package]]
id = "SageUtils"
source = { local = "../utils" }

dependencies = [
  { id = "Sui", name = "Sui" },
]

[[move.package]]
id = "Sui"
source = { git = "https://github.com/MystenLabs/sui.git", rev = "framework/testnet", subdir = "crates/sui-framework/packages/sui-framework" }

dependencies = [
  { id = "MoveStdlib", name = "MoveStdlib" },
]

[move.toolchain-version]
compiler-version = "1.44.2"
edition = "2024.beta"
flavor = "sui"

[env]

[env.testnet]
chain-id = "4c78adac"
original-published-id = "0x64d3db638d0bfe650dbf708e4eec6cac043846f05c85d740e002033ae10b40f6"
latest-published-id = "0x64d3db638d0bfe650dbf708e4eec6cac043846f05c85d740e002033ae10b40f6"
published-version = "1"
