# @generated by Move, please check-in and do not edit manually.

[move]
version = 2
manifest_digest = "2CCCD73C10F1283661E902BAD602271A83CD432A664F9B8ADAA200C4F9B0786A"
deps_digest = "F9B494B64F0615AED0E98FC12A85B85ECD2BC5185C22D30E7F67786BB52E507C"
dependencies = [
  { name = "SageAdmin" },
  { name = "SageImmutable" },
  { name = "SageUtils" },
  { name = "Sui" },
]

[[move.package]]
name = "MoveStdlib"
source = { git = "https://github.com/MystenLabs/sui.git", rev = "framework/testnet", subdir = "crates/sui-framework/packages/move-stdlib" }

[[move.package]]
name = "SageAdmin"
source = { local = "../admin" }

dependencies = [
  { name = "Sui" },
]

[[move.package]]
name = "SageImmutable"
source = { local = "../immutable" }

dependencies = [
  { name = "Sui" },
]

[[move.package]]
name = "SageUtils"
source = { local = "../utils" }

dependencies = [
  { name = "Sui" },
]

[[move.package]]
name = "Sui"
source = { git = "https://github.com/MystenLabs/sui.git", rev = "framework/testnet", subdir = "crates/sui-framework/packages/sui-framework" }

dependencies = [
  { name = "MoveStdlib" },
]

[move.toolchain-version]
compiler-version = "1.27.2"
edition = "2024.beta"
flavor = "sui"

[env]

[env.testnet]
chain-id = "4c78adac"
original-published-id = "0xb92dec911fdb4bf107ac7b7fbf5d4fdfa033760ce91229b7feca9b0c28b0ee0f"
latest-published-id = "0xb92dec911fdb4bf107ac7b7fbf5d4fdfa033760ce91229b7feca9b0c28b0ee0f"
published-version = "1"
