# @generated by Move, please check-in and do not edit manually.

[move]
version = 2
manifest_digest = "C54D0F7576C9B69650A121BAA91ABE222DED02FF558891C864DAB338789A3B75"
deps_digest = "060AD7E57DFB13104F21BE5F5C3759D03F0553FC3229247D9A7A6B45F50D03A3"
dependencies = [
  { name = "SageAdmin" },
  { name = "SageImmutable" },
  { name = "Sui" },
]

[[move.package]]
name = "MoveStdlib"
source = { git = "https://github.com/MystenLabs/sui.git", rev = "framework/testnet", subdir = "crates/sui-framework/packages/move-stdlib" }

[[move.package]]
name = "SageAdmin"
source = { git = "https://github.com/37-labs/sagacious.git", rev = "fb/deploy", subdir = "contracts/admin" }

dependencies = [
  { name = "Sui" },
]

[[move.package]]
name = "SageImmutable"
source = { git = "https://github.com/37-labs/sagacious.git", rev = "fb/deploy", subdir = "contracts/immutable" }

dependencies = [
  { name = "Sui" },
]

[[move.package]]
name = "Sui"
source = { git = "https://github.com/MystenLabs/sui.git", rev = "framework/testnet", subdir = "crates/sui-framework/packages/sui-framework" }

dependencies = [
  { name = "MoveStdlib" },
]

[move.toolchain-version]
compiler-version = "1.27.0"
edition = "2024.beta"
flavor = "sui"
